
Microsoft Visual Studio Solution File, Format Version 12.00
# Visual Studio 2012
Project("{FAE04EC0-301F-11D3-BF4B-00C04F79EFBC}") = "DayOfWeekPersonalization", "DayOfWeekPersonalization\DayOfWeekPersonalization.csproj", "{64B41B96-C135-4C4D-A421-D1166CC8CA34}"
EndProject
Project("{2150E333-8FDC-42A3-9474-1A3956D46DE8}") = ".nuget", ".nuget", "{F9A3FE2D-E411-456B-8046-1152CD39D40F}"
	ProjectSection(SolutionItems) = preProject
		.nuget\NuGet.Config = .nuget\NuGet.Config
		.nuget\NuGet.exe = .nuget\NuGet.exe
		.nuget\NuGet.targets = .nuget\NuGet.targets
	EndProjectSection
EndProject
Project("{FAE04EC0-301F-11D3-BF4B-00C04F79EFBC}") = "DayOfWeekPersonalizationTests", "DayOfWeekPersonalizationTests\DayOfWeekPersonalizationTests.csproj", "{252B37F2-0DC3-47B0-BDB9-A3831EFC94AA}"
EndProject
Project("{FAE04EC0-301F-11D3-BF4B-00C04F79EFBC-}") = "DayOfWeekPersonalizationUnitTests", "DayOfWeekPersonalizationUnitTests\DayOfWeekPersonalizationUnitTests.csproj", "{16659AB2-5B86-480A-9C29-6A3B9E22308D}"
